{
  "version": 4,
  "terraform_version": "1.0.9",
  "serial": 8,
  "lineage": "cce24868-1a82-19dd-865f-6d698ecf8cbc",
  "outputs": {
    "apm_https_endpoint": {
      "value": "https://347ddb8a56ec4ad186fc97c898f7d3eb.apm.eu-west-1.aws.cloud.es.io:443",
      "type": "string"
    },
    "elastic_password": {
      "value": "OD231kc18OH9wHaid6aImgHl",
      "type": "string",
      "sensitive": true
    },
    "elastic_username": {
      "value": "elastic",
      "type": "string"
    },
    "elasticsearch_cloud_id": {
      "value": "observability-demo:ZXUtd2VzdC0xLmF3cy5mb3VuZC5pbyRhNzExMjgxNjlhMGE0NDViYTEyMmEyNmU2NDFmMDAyNSQzMWJiMTUzMTc2M2U0ZmUzYWMyMmFiZTNiZDNjNzUxNQ==",
      "type": "string"
    },
    "elasticsearch_https_endpoint": {
      "value": "https://a71128169a0a445ba122a26e641f0025.eu-west-1.aws.found.io:9243",
      "type": "string"
    },
    "kibana_https_endpoint": {
      "value": "https://31bb1531763e4fe3ac22abe3bd3c7515.eu-west-1.aws.found.io:9243",
      "type": "string"
    }
  },
  "resources": [
    {
      "mode": "managed",
      "type": "aws_lightsail_instance",
      "name": "demo_instance",
      "provider": "provider[\"registry.terraform.io/hashicorp/aws\"]",
      "instances": [
        {
          "schema_version": 0,
          "attributes": {
            "arn": "arn:aws:lightsail:eu-west-1:350607083982:Instance/2e02713c-a589-40a7-bdb8-914ec3f31014",
            "availability_zone": "eu-west-1a",
            "blueprint_id": "ubuntu_20_04",
            "bundle_id": "micro_1_0",
            "cpu_count": 1,
            "created_at": "2021-10-14T02:56:22Z",
            "id": "demo_instance",
            "ipv6_address": "2a05:d018:57f:f600:17ac:ec4f:e1d1:750b",
            "ipv6_addresses": [
              "2a05:d018:57f:f600:17ac:ec4f:e1d1:750b"
            ],
            "is_static_ip": false,
            "key_pair_name": "security_key_pair",
            "name": "demo_instance",
            "private_ip_address": "172.26.0.182",
            "public_ip_address": "54.194.41.244",
            "ram_size": 1,
            "tags": null,
            "tags_all": {},
            "user_data": null,
            "username": "ubuntu"
          },
          "sensitive_attributes": [],
          "private": "bnVsbA==",
          "dependencies": [
            "aws_lightsail_key_pair.security_key_pair"
          ]
        }
      ]
    },
    {
      "mode": "managed",
      "type": "aws_lightsail_instance_public_ports",
      "name": "security_ports",
      "provider": "provider[\"registry.terraform.io/hashicorp/aws\"]",
      "instances": [
        {
          "schema_version": 0,
          "attributes": {
            "id": "demo_instance-1421794143",
            "instance_name": "demo_instance",
            "port_info": [
              {
                "cidrs": [
                  "0.0.0.0/0"
                ],
                "from_port": 22,
                "protocol": "tcp",
                "to_port": 22
              },
              {
                "cidrs": [
                  "0.0.0.0/0"
                ],
                "from_port": 443,
                "protocol": "tcp",
                "to_port": 443
              },
              {
                "cidrs": [
                  "0.0.0.0/0"
                ],
                "from_port": 80,
                "protocol": "tcp",
                "to_port": 80
              }
            ]
          },
          "sensitive_attributes": [],
          "private": "bnVsbA==",
          "dependencies": [
            "aws_lightsail_instance.demo_instance",
            "aws_lightsail_key_pair.security_key_pair"
          ]
        }
      ]
    },
    {
      "mode": "managed",
      "type": "aws_lightsail_key_pair",
      "name": "security_key_pair",
      "provider": "provider[\"registry.terraform.io/hashicorp/aws\"]",
      "instances": [
        {
          "schema_version": 0,
          "attributes": {
            "arn": "arn:aws:lightsail:eu-west-1:350607083982:KeyPair/c6d17f55-7759-4e84-896f-36e5467cdfaf",
            "encrypted_fingerprint": null,
            "encrypted_private_key": null,
            "fingerprint": "7d:d8:45:0e:8b:4c:af:d7:14:de:c8:66:d5:c2:28:dd",
            "id": "security_key_pair",
            "name": "security_key_pair",
            "name_prefix": null,
            "pgp_key": null,
            "private_key": null,
            "public_key": "ssh-rsa AAAAB3NzaC1yc2EAAAADAQABAAABAQDVyFET2Jr751rz+DkV6sLm+DTo8gSYJoRPftWsrDsCdYRnTAxSIimng1m4MFr3+NM0eJSPQJmKx3TNb+zWKLKNeY4sEPAOTc904en89IhvQORRqW65Hdkrfc1cmn+1PhGVvMtZJcItrE6Ds3CwmTudGO+MmNaSmH2E4YbkYytr7frYaz00rnPnwwZ92kuEwqYfZ3ov/yadNyO71tpo7mG/oA9Z7pQrPoW53wDjhLlsSIGL+7XUAdFw1UeH/+nJKDAql535e1om9mz/WlMNgr+gzapfLydkP9t+LXKpj+zxfDvTTQfDnzIU4n40CaFmB4B1FnbUbrTW+ZyK17k4VWSB pk@xeraa.net\n"
          },
          "sensitive_attributes": [],
          "private": "bnVsbA=="
        }
      ]
    },
    {
      "mode": "managed",
      "type": "aws_route53_record",
      "name": "apex",
      "provider": "provider[\"registry.terraform.io/hashicorp/aws\"]",
      "instances": [
        {
          "schema_version": 2,
          "attributes": {
            "alias": [],
            "allow_overwrite": null,
            "failover_routing_policy": [],
            "fqdn": "xeraa.wtf",
            "geolocation_routing_policy": [],
            "health_check_id": null,
            "id": "Z1W9HC0DRMXT4L_xeraa.wtf_A",
            "latency_routing_policy": [],
            "multivalue_answer_routing_policy": null,
            "name": "xeraa.wtf",
            "records": [
              "54.194.41.244"
            ],
            "set_identifier": null,
            "ttl": 60,
            "type": "A",
            "weighted_routing_policy": [],
            "zone_id": "Z1W9HC0DRMXT4L"
          },
          "sensitive_attributes": [],
          "private": "eyJzY2hlbWFfdmVyc2lvbiI6IjIifQ==",
          "dependencies": [
            "aws_lightsail_instance.demo_instance",
            "aws_lightsail_key_pair.security_key_pair"
          ]
        }
      ]
    },
    {
      "mode": "managed",
      "type": "aws_route53_record",
      "name": "www",
      "provider": "provider[\"registry.terraform.io/hashicorp/aws\"]",
      "instances": [
        {
          "schema_version": 2,
          "attributes": {
            "alias": [
              {
                "evaluate_target_health": false,
                "name": "xeraa.wtf",
                "zone_id": "Z1W9HC0DRMXT4L"
              }
            ],
            "allow_overwrite": null,
            "failover_routing_policy": [],
            "fqdn": "www.xeraa.wtf",
            "geolocation_routing_policy": [],
            "health_check_id": null,
            "id": "Z1W9HC0DRMXT4L_www.xeraa.wtf_A",
            "latency_routing_policy": [],
            "multivalue_answer_routing_policy": null,
            "name": "www.xeraa.wtf",
            "records": null,
            "set_identifier": null,
            "ttl": null,
            "type": "A",
            "weighted_routing_policy": [],
            "zone_id": "Z1W9HC0DRMXT4L"
          },
          "sensitive_attributes": [],
          "private": "eyJzY2hlbWFfdmVyc2lvbiI6IjIifQ==",
          "dependencies": [
            "aws_lightsail_instance.demo_instance",
            "aws_lightsail_key_pair.security_key_pair",
            "aws_route53_record.apex"
          ]
        }
      ]
    },
    {
      "mode": "managed",
      "type": "ec_deployment",
      "name": "demo_ec",
      "provider": "provider[\"registry.terraform.io/elastic/ec\"]",
      "instances": [
        {
          "schema_version": 1,
          "attributes": {
            "alias": "observability-demo",
            "apm": [
              {
                "config": [],
                "elasticsearch_cluster_ref_id": "main-elasticsearch",
                "http_endpoint": "http://347ddb8a56ec4ad186fc97c898f7d3eb.apm.eu-west-1.aws.cloud.es.io:80",
                "https_endpoint": "https://347ddb8a56ec4ad186fc97c898f7d3eb.apm.eu-west-1.aws.cloud.es.io:443",
                "ref_id": "main-apm",
                "region": "eu-west-1",
                "resource_id": "347ddb8a56ec4ad186fc97c898f7d3eb",
                "topology": [
                  {
                    "instance_configuration_id": "aws.apm.r5d",
                    "size": "1g",
                    "size_resource": "memory",
                    "zone_count": 1
                  }
                ]
              }
            ],
            "apm_secret_token": "tmVwHCOsdHsgiPut2J",
            "deployment_template_id": "aws-io-optimized-v2",
            "elasticsearch": [
              {
                "autoscale": "false",
                "cloud_id": "observability-demo:ZXUtd2VzdC0xLmF3cy5mb3VuZC5pbyRhNzExMjgxNjlhMGE0NDViYTEyMmEyNmU2NDFmMDAyNSQzMWJiMTUzMTc2M2U0ZmUzYWMyMmFiZTNiZDNjNzUxNQ==",
                "config": [],
                "extension": [],
                "http_endpoint": "http://a71128169a0a445ba122a26e641f0025.eu-west-1.aws.found.io:9200",
                "https_endpoint": "https://a71128169a0a445ba122a26e641f0025.eu-west-1.aws.found.io:9243",
                "ref_id": "main-elasticsearch",
                "region": "eu-west-1",
                "remote_cluster": [],
                "resource_id": "a71128169a0a445ba122a26e641f0025",
                "snapshot_source": [],
                "topology": [
                  {
                    "autoscaling": [
                      {
                        "max_size": "116g",
                        "max_size_resource": "memory",
                        "min_size": "",
                        "min_size_resource": "",
                        "policy_override_json": ""
                      }
                    ],
                    "id": "hot_content",
                    "instance_configuration_id": "aws.data.highio.i3",
                    "node_roles": [
                      "data_content",
                      "data_hot",
                      "ingest",
                      "master",
                      "remote_cluster_client",
                      "transform"
                    ],
                    "node_type_data": "",
                    "node_type_ingest": "",
                    "node_type_master": "",
                    "node_type_ml": "",
                    "size": "8g",
                    "size_resource": "memory",
                    "zone_count": 2
                  }
                ],
                "trust_account": [
                  {
                    "account_id": "1730415523",
                    "trust_all": true,
                    "trust_allowlist": []
                  }
                ],
                "trust_external": []
              }
            ],
            "elasticsearch_password": "OD231kc18OH9wHaid6aImgHl",
            "elasticsearch_username": "elastic",
            "enterprise_search": [],
            "id": "a48cb25a923d670ccbd0221e276c66fb",
            "kibana": [
              {
                "config": [],
                "elasticsearch_cluster_ref_id": "main-elasticsearch",
                "http_endpoint": "http://31bb1531763e4fe3ac22abe3bd3c7515.eu-west-1.aws.found.io:9200",
                "https_endpoint": "https://31bb1531763e4fe3ac22abe3bd3c7515.eu-west-1.aws.found.io:9243",
                "ref_id": "main-kibana",
                "region": "eu-west-1",
                "resource_id": "31bb1531763e4fe3ac22abe3bd3c7515",
                "topology": [
                  {
                    "instance_configuration_id": "aws.kibana.r5d",
                    "size": "1g",
                    "size_resource": "memory",
                    "zone_count": 1
                  }
                ]
              }
            ],
            "name": "observability-demo",
            "observability": [],
            "region": "eu-west-1",
            "request_id": null,
            "tags": null,
            "timeouts": null,
            "traffic_filter": null,
            "version": "7.15.0"
          },
          "sensitive_attributes": [],
          "private": "eyJlMmJmYjczMC1lY2FhLTExZTYtOGY4OC0zNDM2M2JjN2M0YzAiOnsiY3JlYXRlIjoyNDAwMDAwMDAwMDAwLCJkZWZhdWx0IjoyNDAwMDAwMDAwMDAwLCJkZWxldGUiOjM2MDAwMDAwMDAwMDAsInJlYWQiOjI0MDAwMDAwMDAwMDAsInVwZGF0ZSI6MzYwMDAwMDAwMDAwMH0sInNjaGVtYV92ZXJzaW9uIjoiMSJ9"
        }
      ]
    },
    {
      "mode": "managed",
      "type": "local_file",
      "name": "elastic_cloud_config",
      "provider": "provider[\"registry.terraform.io/hashicorp/local\"]",
      "instances": [
        {
          "schema_version": 0,
          "attributes": {
            "content": "elasticsearch_password: OD231kc18OH9wHaid6aImgHl\nelasticsearch_host: https://a71128169a0a445ba122a26e641f0025.eu-west-1.aws.found.io:9243\nelasticsearch_user: elastic\nkibana_host: https://31bb1531763e4fe3ac22abe3bd3c7515.eu-west-1.aws.found.io:9243\napm_host: https://347ddb8a56ec4ad186fc97c898f7d3eb.apm.eu-west-1.aws.cloud.es.io:443\nelastic_version: 7.15.0\n",
            "content_base64": null,
            "directory_permission": "0777",
            "file_permission": "0777",
            "filename": "elastic-cloud.yml",
            "id": "5c0ad2bac2fe41e4c875aff0213a722e0a5fab36",
            "sensitive_content": null,
            "source": null
          },
          "sensitive_attributes": [
            [
              {
                "type": "get_attr",
                "value": "content"
              }
            ]
          ],
          "private": "bnVsbA==",
          "dependencies": [
            "ec_deployment.demo_ec"
          ]
        }
      ]
    }
  ]
}
